
Microsoft Visual Studio Solution File, Format Version 12.00
# Visual Studio Version 17
VisualStudioVersion = 17.3.32929.385
MinimumVisualStudioVersion = 10.0.40219.1
Project("{2150E333-8FDC-42A3-9474-1A3956D46DE8}") = "src", "src", "{3DAD3C9C-CA88-4536-8FF2-846F14A1A90F}"
EndProject
Project("{9A19103F-16F7-4668-BE54-9A1E7A4F7556}") = "Realtea.App", "src\Realtea.App\Realtea.App.csproj", "{001B7878-97FB-4EAD-836B-CF4B1B3049F4}"
EndProject
Project("{9A19103F-16F7-4668-BE54-9A1E7A4F7556}") = "Realtea.Infrastructure", "src\Realtea.Infrastructure\Realtea.Infrastructure.csproj", "{66F35ABA-4535-4E70-8647-3F89EFF85783}"
EndProject
Project("{9A19103F-16F7-4668-BE54-9A1E7A4F7556}") = "Realtea.Core", "src\Realtea.Core\Realtea.Core.csproj", "{9FF7B924-3627-4B6F-BA8F-9B249DAB1787}"
EndProject
Project("{2150E333-8FDC-42A3-9474-1A3956D46DE8}") = "Solution Items", "Solution Items", "{B4EF56C8-64C9-44DE-91FC-417901373852}"
	ProjectSection(SolutionItems) = preProject
		README.md = README.md
	EndProjectSection
EndProject
Global
	GlobalSection(SolutionConfigurationPlatforms) = preSolution
		Debug|Any CPU = Debug|Any CPU
		Release|Any CPU = Release|Any CPU
	EndGlobalSection
	GlobalSection(ProjectConfigurationPlatforms) = postSolution
		{001B7878-97FB-4EAD-836B-CF4B1B3049F4}.Debug|Any CPU.ActiveCfg = Debug|Any CPU
		{001B7878-97FB-4EAD-836B-CF4B1B3049F4}.Debug|Any CPU.Build.0 = Debug|Any CPU
		{001B7878-97FB-4EAD-836B-CF4B1B3049F4}.Release|Any CPU.ActiveCfg = Release|Any CPU
		{001B7878-97FB-4EAD-836B-CF4B1B3049F4}.Release|Any CPU.Build.0 = Release|Any CPU
		{66F35ABA-4535-4E70-8647-3F89EFF85783}.Debug|Any CPU.ActiveCfg = Debug|Any CPU
		{66F35ABA-4535-4E70-8647-3F89EFF85783}.Debug|Any CPU.Build.0 = Debug|Any CPU
		{66F35ABA-4535-4E70-8647-3F89EFF85783}.Release|Any CPU.ActiveCfg = Release|Any CPU
		{66F35ABA-4535-4E70-8647-3F89EFF85783}.Release|Any CPU.Build.0 = Release|Any CPU
		{9FF7B924-3627-4B6F-BA8F-9B249DAB1787}.Debug|Any CPU.ActiveCfg = Debug|Any CPU
		{9FF7B924-3627-4B6F-BA8F-9B249DAB1787}.Debug|Any CPU.Build.0 = Debug|Any CPU
		{9FF7B924-3627-4B6F-BA8F-9B249DAB1787}.Release|Any CPU.ActiveCfg = Release|Any CPU
		{9FF7B924-3627-4B6F-BA8F-9B249DAB1787}.Release|Any CPU.Build.0 = Release|Any CPU
	EndGlobalSection
	GlobalSection(SolutionProperties) = preSolution
		HideSolutionNode = FALSE
	EndGlobalSection
	GlobalSection(NestedProjects) = preSolution
		{001B7878-97FB-4EAD-836B-CF4B1B3049F4} = {3DAD3C9C-CA88-4536-8FF2-846F14A1A90F}
		{66F35ABA-4535-4E70-8647-3F89EFF85783} = {3DAD3C9C-CA88-4536-8FF2-846F14A1A90F}
		{9FF7B924-3627-4B6F-BA8F-9B249DAB1787} = {3DAD3C9C-CA88-4536-8FF2-846F14A1A90F}
	EndGlobalSection
	GlobalSection(ExtensibilityGlobals) = postSolution
		SolutionGuid = {16D4AE90-44DD-4ACB-B502-6FB13225E5EB}
	EndGlobalSection
EndGlobal
